
Microsoft Visual Studio Solution File, Format Version 12.00
# Visual Studio Version 17
VisualStudioVersion = 17.0.32014.148
MinimumVisualStudioVersion = 10.0.40219.1
Project("{8BC9CEB8-8B4A-11D0-8D11-00A0C91BC942}") = "ImmersiveEquipmentDisplays", "ImmersiveEquipmentDisplays\ImmersiveEquipmentDisplays.vcxproj", "{A0AF6C5A-B0F8-4F7F-B622-535C5B9DCFF1}"
EndProject
Project("{8BC9CEB8-8B4A-11D0-8D11-00A0C91BC942}") = "sse-build-resources", "..\sse-build-resources\sse-build-resources.vcxproj", "{C59E5569-E3F3-4DA5-8313-12D90229B8C0}"
EndProject
Project("{8BC9CEB8-8B4A-11D0-8D11-00A0C91BC942}") = "ImGui", "..\imgui\deployment\a\imgui.vcxproj", "{9F316E83-5AE5-4939-A723-305A94F48005}"
EndProject
Project("{8BC9CEB8-8B4A-11D0-8D11-00A0C91BC942}") = "assimp", "..\assimp\code\assimp.vcxproj", "{9F07095D-EF2F-3457-A7F9-A6525205AF80}"
EndProject
Global
	GlobalSection(SolutionConfigurationPlatforms) = preSolution
		Debug|x64 = Debug|x64
		Release MD|x64 = Release MD|x64
		Release MT Debug|x64 = Release MT Debug|x64
		Release MT Perf|x64 = Release MT Perf|x64
		Release MT Post 629|x64 = Release MT Post 629|x64
		Release MT|x64 = Release MT|x64
	EndGlobalSection
	GlobalSection(ProjectConfigurationPlatforms) = postSolution
		{A0AF6C5A-B0F8-4F7F-B622-535C5B9DCFF1}.Debug|x64.ActiveCfg = Debug|x64
		{A0AF6C5A-B0F8-4F7F-B622-535C5B9DCFF1}.Debug|x64.Build.0 = Debug|x64
		{A0AF6C5A-B0F8-4F7F-B622-535C5B9DCFF1}.Release MD|x64.ActiveCfg = Release MD|x64
		{A0AF6C5A-B0F8-4F7F-B622-535C5B9DCFF1}.Release MD|x64.Build.0 = Release MD|x64
		{A0AF6C5A-B0F8-4F7F-B622-535C5B9DCFF1}.Release MT Debug|x64.ActiveCfg = Release MT Debug|x64
		{A0AF6C5A-B0F8-4F7F-B622-535C5B9DCFF1}.Release MT Debug|x64.Build.0 = Release MT Debug|x64
		{A0AF6C5A-B0F8-4F7F-B622-535C5B9DCFF1}.Release MT Perf|x64.ActiveCfg = Release MT Perf|x64
		{A0AF6C5A-B0F8-4F7F-B622-535C5B9DCFF1}.Release MT Perf|x64.Build.0 = Release MT Perf|x64
		{A0AF6C5A-B0F8-4F7F-B622-535C5B9DCFF1}.Release MT Post 629|x64.ActiveCfg = Release MT Post 629|x64
		{A0AF6C5A-B0F8-4F7F-B622-535C5B9DCFF1}.Release MT Post 629|x64.Build.0 = Release MT Post 629|x64
		{A0AF6C5A-B0F8-4F7F-B622-535C5B9DCFF1}.Release MT|x64.ActiveCfg = Release MT|x64
		{A0AF6C5A-B0F8-4F7F-B622-535C5B9DCFF1}.Release MT|x64.Build.0 = Release MT|x64
		{C59E5569-E3F3-4DA5-8313-12D90229B8C0}.Debug|x64.ActiveCfg = Debug|x64
		{C59E5569-E3F3-4DA5-8313-12D90229B8C0}.Debug|x64.Build.0 = Debug|x64
		{C59E5569-E3F3-4DA5-8313-12D90229B8C0}.Release MD|x64.ActiveCfg = Release MD|x64
		{C59E5569-E3F3-4DA5-8313-12D90229B8C0}.Release MD|x64.Build.0 = Release MD|x64
		{C59E5569-E3F3-4DA5-8313-12D90229B8C0}.Release MT Debug|x64.ActiveCfg = Release MT Debug|x64
		{C59E5569-E3F3-4DA5-8313-12D90229B8C0}.Release MT Debug|x64.Build.0 = Release MT Debug|x64
		{C59E5569-E3F3-4DA5-8313-12D90229B8C0}.Release MT Perf|x64.ActiveCfg = Release MT Perf|x64
		{C59E5569-E3F3-4DA5-8313-12D90229B8C0}.Release MT Perf|x64.Build.0 = Release MT Perf|x64
		{C59E5569-E3F3-4DA5-8313-12D90229B8C0}.Release MT Post 629|x64.ActiveCfg = Release MT Post 629|x64
		{C59E5569-E3F3-4DA5-8313-12D90229B8C0}.Release MT Post 629|x64.Build.0 = Release MT Post 629|x64
		{C59E5569-E3F3-4DA5-8313-12D90229B8C0}.Release MT|x64.ActiveCfg = Release MT|x64
		{C59E5569-E3F3-4DA5-8313-12D90229B8C0}.Release MT|x64.Build.0 = Release MT|x64
		{9F316E83-5AE5-4939-A723-305A94F48005}.Debug|x64.ActiveCfg = Debug|x64
		{9F316E83-5AE5-4939-A723-305A94F48005}.Debug|x64.Build.0 = Debug|x64
		{9F316E83-5AE5-4939-A723-305A94F48005}.Release MD|x64.ActiveCfg = Release MD|x64
		{9F316E83-5AE5-4939-A723-305A94F48005}.Release MD|x64.Build.0 = Release MD|x64
		{9F316E83-5AE5-4939-A723-305A94F48005}.Release MT Debug|x64.ActiveCfg = Release MT Debug|x64
		{9F316E83-5AE5-4939-A723-305A94F48005}.Release MT Debug|x64.Build.0 = Release MT Debug|x64
		{9F316E83-5AE5-4939-A723-305A94F48005}.Release MT Perf|x64.ActiveCfg = Release MT Perf|x64
		{9F316E83-5AE5-4939-A723-305A94F48005}.Release MT Perf|x64.Build.0 = Release MT Perf|x64
		{9F316E83-5AE5-4939-A723-305A94F48005}.Release MT Post 629|x64.ActiveCfg = Release MT|x64
		{9F316E83-5AE5-4939-A723-305A94F48005}.Release MT Post 629|x64.Build.0 = Release MT|x64
		{9F316E83-5AE5-4939-A723-305A94F48005}.Release MT|x64.ActiveCfg = Release MT|x64
		{9F316E83-5AE5-4939-A723-305A94F48005}.Release MT|x64.Build.0 = Release MT|x64
		{9F07095D-EF2F-3457-A7F9-A6525205AF80}.Debug|x64.ActiveCfg = Debug|x64
		{9F07095D-EF2F-3457-A7F9-A6525205AF80}.Debug|x64.Build.0 = Debug|x64
		{9F07095D-EF2F-3457-A7F9-A6525205AF80}.Release MD|x64.ActiveCfg = Release MD|x64
		{9F07095D-EF2F-3457-A7F9-A6525205AF80}.Release MT Debug|x64.ActiveCfg = Release MT Debug|x64
		{9F07095D-EF2F-3457-A7F9-A6525205AF80}.Release MT Debug|x64.Build.0 = Release MT Debug|x64
		{9F07095D-EF2F-3457-A7F9-A6525205AF80}.Release MT Perf|x64.ActiveCfg = Release MT Perf|x64
		{9F07095D-EF2F-3457-A7F9-A6525205AF80}.Release MT Perf|x64.Build.0 = Release MT Perf|x64
		{9F07095D-EF2F-3457-A7F9-A6525205AF80}.Release MT Post 629|x64.ActiveCfg = Release MT|x64
		{9F07095D-EF2F-3457-A7F9-A6525205AF80}.Release MT Post 629|x64.Build.0 = Release MT|x64
		{9F07095D-EF2F-3457-A7F9-A6525205AF80}.Release MT|x64.ActiveCfg = Release MT|x64
		{9F07095D-EF2F-3457-A7F9-A6525205AF80}.Release MT|x64.Build.0 = Release MT|x64
	EndGlobalSection
	GlobalSection(SolutionProperties) = preSolution
		HideSolutionNode = FALSE
	EndGlobalSection
	GlobalSection(ExtensibilityGlobals) = postSolution
		SolutionGuid = {6D544065-D034-497F-A4AF-EEADA16AD7B5}
	EndGlobalSection
EndGlobal
