
Microsoft Visual Studio Solution File, Format Version 12.00
# Visual Studio Version 17
VisualStudioVersion = 17.0.32014.148
MinimumVisualStudioVersion = 10.0.40219.1
Project("{8BC9CEB8-8B4A-11D0-8D11-00A0C91BC942}") = "ImmersiveEquipmentDisplays", "ImmersiveEquipmentDisplays\ImmersiveEquipmentDisplays.vcxproj", "{A0AF6C5A-B0F8-4F7F-B622-535C5B9DCFF1}"
EndProject
Project("{8BC9CEB8-8B4A-11D0-8D11-00A0C91BC942}") = "sse-build-resources", "..\sse-build-resources\sse-build-resources.vcxproj", "{C59E5569-E3F3-4DA5-8313-12D90229B8C0}"
EndProject
Project("{8BC9CEB8-8B4A-11D0-8D11-00A0C91BC942}") = "ImGui", "..\imgui\deployment\a\imgui.vcxproj", "{9F316E83-5AE5-4939-A723-305A94F48005}"
EndProject
Project("{8BC9CEB8-8B4A-11D0-8D11-00A0C91BC942}") = "assimp", "..\assimp\code\assimp.vcxproj", "{9F07095D-EF2F-3457-A7F9-A6525205AF80}"
EndProject
Global
	GlobalSection(SolutionConfigurationPlatforms) = preSolution
		Debug|x64 = Debug|x64
		Debug|x86 = Debug|x86
		Dep-AVX|x64 = Dep-AVX|x64
		Dep-AVX|x86 = Dep-AVX|x86
		Dep-AVX2|x64 = Dep-AVX2|x64
		Dep-AVX2|x86 = Dep-AVX2|x86
		Dep-SSE2|x64 = Dep-SSE2|x64
		Dep-SSE2|x86 = Dep-SSE2|x86
		IntelRelAvx2MT|x64 = IntelRelAvx2MT|x64
		IntelRelAvx2MT|x86 = IntelRelAvx2MT|x86
		Release MD|x64 = Release MD|x64
		Release MD|x86 = Release MD|x86
		Release MT Debug|x64 = Release MT Debug|x64
		Release MT Debug|x86 = Release MT Debug|x86
		Release MT FM|x64 = Release MT FM|x64
		Release MT FM|x86 = Release MT FM|x86
		Release MT Perf|x64 = Release MT Perf|x64
		Release MT Perf|x86 = Release MT Perf|x86
		Release MT Post 629|x64 = Release MT Post 629|x64
		Release MT Post 629|x86 = Release MT Post 629|x86
		Release MT|x64 = Release MT|x64
		Release MT|x86 = Release MT|x86
		Release|x64 = Release|x64
		Release|x86 = Release|x86
		ReleaseAVX2 MD|x64 = ReleaseAVX2 MD|x64
		ReleaseAVX2 MD|x86 = ReleaseAVX2 MD|x86
		ReleaseAVX2 MT|x64 = ReleaseAVX2 MT|x64
		ReleaseAVX2 MT|x86 = ReleaseAVX2 MT|x86
	EndGlobalSection
	GlobalSection(ProjectConfigurationPlatforms) = postSolution
		{A0AF6C5A-B0F8-4F7F-B622-535C5B9DCFF1}.Debug|x64.ActiveCfg = Debug|x64
		{A0AF6C5A-B0F8-4F7F-B622-535C5B9DCFF1}.Debug|x64.Build.0 = Debug|x64
		{A0AF6C5A-B0F8-4F7F-B622-535C5B9DCFF1}.Debug|x86.ActiveCfg = Debug|x64
		{A0AF6C5A-B0F8-4F7F-B622-535C5B9DCFF1}.Debug|x86.Build.0 = Debug|x64
		{A0AF6C5A-B0F8-4F7F-B622-535C5B9DCFF1}.Dep-AVX|x64.ActiveCfg = Debug|x64
		{A0AF6C5A-B0F8-4F7F-B622-535C5B9DCFF1}.Dep-AVX|x64.Build.0 = Debug|x64
		{A0AF6C5A-B0F8-4F7F-B622-535C5B9DCFF1}.Dep-AVX|x86.ActiveCfg = Debug|x64
		{A0AF6C5A-B0F8-4F7F-B622-535C5B9DCFF1}.Dep-AVX|x86.Build.0 = Debug|x64
		{A0AF6C5A-B0F8-4F7F-B622-535C5B9DCFF1}.Dep-AVX2|x64.ActiveCfg = Debug|x64
		{A0AF6C5A-B0F8-4F7F-B622-535C5B9DCFF1}.Dep-AVX2|x64.Build.0 = Debug|x64
		{A0AF6C5A-B0F8-4F7F-B622-535C5B9DCFF1}.Dep-AVX2|x86.ActiveCfg = Debug|x64
		{A0AF6C5A-B0F8-4F7F-B622-535C5B9DCFF1}.Dep-AVX2|x86.Build.0 = Debug|x64
		{A0AF6C5A-B0F8-4F7F-B622-535C5B9DCFF1}.Dep-SSE2|x64.ActiveCfg = Debug|x64
		{A0AF6C5A-B0F8-4F7F-B622-535C5B9DCFF1}.Dep-SSE2|x64.Build.0 = Debug|x64
		{A0AF6C5A-B0F8-4F7F-B622-535C5B9DCFF1}.Dep-SSE2|x86.ActiveCfg = Debug|x64
		{A0AF6C5A-B0F8-4F7F-B622-535C5B9DCFF1}.Dep-SSE2|x86.Build.0 = Debug|x64
		{A0AF6C5A-B0F8-4F7F-B622-535C5B9DCFF1}.IntelRelAvx2MT|x64.ActiveCfg = Release MT|x64
		{A0AF6C5A-B0F8-4F7F-B622-535C5B9DCFF1}.IntelRelAvx2MT|x64.Build.0 = Release MT|x64
		{A0AF6C5A-B0F8-4F7F-B622-535C5B9DCFF1}.IntelRelAvx2MT|x86.ActiveCfg = Release MT|x64
		{A0AF6C5A-B0F8-4F7F-B622-535C5B9DCFF1}.IntelRelAvx2MT|x86.Build.0 = Release MT|x64
		{A0AF6C5A-B0F8-4F7F-B622-535C5B9DCFF1}.Release MD|x64.ActiveCfg = Release MD|x64
		{A0AF6C5A-B0F8-4F7F-B622-535C5B9DCFF1}.Release MD|x64.Build.0 = Release MD|x64
		{A0AF6C5A-B0F8-4F7F-B622-535C5B9DCFF1}.Release MD|x86.ActiveCfg = Release MD|x64
		{A0AF6C5A-B0F8-4F7F-B622-535C5B9DCFF1}.Release MD|x86.Build.0 = Release MD|x64
		{A0AF6C5A-B0F8-4F7F-B622-535C5B9DCFF1}.Release MT Debug|x64.ActiveCfg = Release MT Debug|x64
		{A0AF6C5A-B0F8-4F7F-B622-535C5B9DCFF1}.Release MT Debug|x64.Build.0 = Release MT Debug|x64
		{A0AF6C5A-B0F8-4F7F-B622-535C5B9DCFF1}.Release MT Debug|x86.ActiveCfg = Release MT Debug|x64
		{A0AF6C5A-B0F8-4F7F-B622-535C5B9DCFF1}.Release MT Debug|x86.Build.0 = Release MT Debug|x64
		{A0AF6C5A-B0F8-4F7F-B622-535C5B9DCFF1}.Release MT FM|x64.ActiveCfg = Release MT Post 629|x64
		{A0AF6C5A-B0F8-4F7F-B622-535C5B9DCFF1}.Release MT FM|x64.Build.0 = Release MT Post 629|x64
		{A0AF6C5A-B0F8-4F7F-B622-535C5B9DCFF1}.Release MT FM|x86.ActiveCfg = Release MT Post 629|x64
		{A0AF6C5A-B0F8-4F7F-B622-535C5B9DCFF1}.Release MT FM|x86.Build.0 = Release MT Post 629|x64
		{A0AF6C5A-B0F8-4F7F-B622-535C5B9DCFF1}.Release MT Perf|x64.ActiveCfg = Release MT Perf|x64
		{A0AF6C5A-B0F8-4F7F-B622-535C5B9DCFF1}.Release MT Perf|x64.Build.0 = Release MT Perf|x64
		{A0AF6C5A-B0F8-4F7F-B622-535C5B9DCFF1}.Release MT Perf|x86.ActiveCfg = Release MT Perf|x64
		{A0AF6C5A-B0F8-4F7F-B622-535C5B9DCFF1}.Release MT Perf|x86.Build.0 = Release MT Perf|x64
		{A0AF6C5A-B0F8-4F7F-B622-535C5B9DCFF1}.Release MT Post 629|x64.ActiveCfg = Release MT Post 629|x64
		{A0AF6C5A-B0F8-4F7F-B622-535C5B9DCFF1}.Release MT Post 629|x64.Build.0 = Release MT Post 629|x64
		{A0AF6C5A-B0F8-4F7F-B622-535C5B9DCFF1}.Release MT Post 629|x86.ActiveCfg = Release MT Post 629|x64
		{A0AF6C5A-B0F8-4F7F-B622-535C5B9DCFF1}.Release MT Post 629|x86.Build.0 = Release MT Post 629|x64
		{A0AF6C5A-B0F8-4F7F-B622-535C5B9DCFF1}.Release MT|x64.ActiveCfg = Release MT|x64
		{A0AF6C5A-B0F8-4F7F-B622-535C5B9DCFF1}.Release MT|x64.Build.0 = Release MT|x64
		{A0AF6C5A-B0F8-4F7F-B622-535C5B9DCFF1}.Release MT|x86.ActiveCfg = Release MT|x64
		{A0AF6C5A-B0F8-4F7F-B622-535C5B9DCFF1}.Release MT|x86.Build.0 = Release MT|x64
		{A0AF6C5A-B0F8-4F7F-B622-535C5B9DCFF1}.Release|x64.ActiveCfg = Release MT|x64
		{A0AF6C5A-B0F8-4F7F-B622-535C5B9DCFF1}.Release|x64.Build.0 = Release MT|x64
		{A0AF6C5A-B0F8-4F7F-B622-535C5B9DCFF1}.Release|x86.ActiveCfg = Release MT|x64
		{A0AF6C5A-B0F8-4F7F-B622-535C5B9DCFF1}.Release|x86.Build.0 = Release MT|x64
		{A0AF6C5A-B0F8-4F7F-B622-535C5B9DCFF1}.ReleaseAVX2 MD|x64.ActiveCfg = Release MT Post 629|x64
		{A0AF6C5A-B0F8-4F7F-B622-535C5B9DCFF1}.ReleaseAVX2 MD|x64.Build.0 = Release MT Post 629|x64
		{A0AF6C5A-B0F8-4F7F-B622-535C5B9DCFF1}.ReleaseAVX2 MD|x86.ActiveCfg = Release MT Post 629|x64
		{A0AF6C5A-B0F8-4F7F-B622-535C5B9DCFF1}.ReleaseAVX2 MD|x86.Build.0 = Release MT Post 629|x64
		{A0AF6C5A-B0F8-4F7F-B622-535C5B9DCFF1}.ReleaseAVX2 MT|x64.ActiveCfg = Release MT Post 629|x64
		{A0AF6C5A-B0F8-4F7F-B622-535C5B9DCFF1}.ReleaseAVX2 MT|x64.Build.0 = Release MT Post 629|x64
		{A0AF6C5A-B0F8-4F7F-B622-535C5B9DCFF1}.ReleaseAVX2 MT|x86.ActiveCfg = Release MT Post 629|x64
		{A0AF6C5A-B0F8-4F7F-B622-535C5B9DCFF1}.ReleaseAVX2 MT|x86.Build.0 = Release MT Post 629|x64
		{C59E5569-E3F3-4DA5-8313-12D90229B8C0}.Debug|x64.ActiveCfg = Debug|x64
		{C59E5569-E3F3-4DA5-8313-12D90229B8C0}.Debug|x64.Build.0 = Debug|x64
		{C59E5569-E3F3-4DA5-8313-12D90229B8C0}.Debug|x86.ActiveCfg = Debug|x64
		{C59E5569-E3F3-4DA5-8313-12D90229B8C0}.Debug|x86.Build.0 = Debug|x64
		{C59E5569-E3F3-4DA5-8313-12D90229B8C0}.Dep-AVX|x64.ActiveCfg = Debug|x64
		{C59E5569-E3F3-4DA5-8313-12D90229B8C0}.Dep-AVX|x64.Build.0 = Debug|x64
		{C59E5569-E3F3-4DA5-8313-12D90229B8C0}.Dep-AVX|x86.ActiveCfg = Debug|x64
		{C59E5569-E3F3-4DA5-8313-12D90229B8C0}.Dep-AVX|x86.Build.0 = Debug|x64
		{C59E5569-E3F3-4DA5-8313-12D90229B8C0}.Dep-AVX2|x64.ActiveCfg = Debug|x64
		{C59E5569-E3F3-4DA5-8313-12D90229B8C0}.Dep-AVX2|x64.Build.0 = Debug|x64
		{C59E5569-E3F3-4DA5-8313-12D90229B8C0}.Dep-AVX2|x86.ActiveCfg = Debug|x64
		{C59E5569-E3F3-4DA5-8313-12D90229B8C0}.Dep-AVX2|x86.Build.0 = Debug|x64
		{C59E5569-E3F3-4DA5-8313-12D90229B8C0}.Dep-SSE2|x64.ActiveCfg = Debug|x64
		{C59E5569-E3F3-4DA5-8313-12D90229B8C0}.Dep-SSE2|x64.Build.0 = Debug|x64
		{C59E5569-E3F3-4DA5-8313-12D90229B8C0}.Dep-SSE2|x86.ActiveCfg = Debug|x64
		{C59E5569-E3F3-4DA5-8313-12D90229B8C0}.Dep-SSE2|x86.Build.0 = Debug|x64
		{C59E5569-E3F3-4DA5-8313-12D90229B8C0}.IntelRelAvx2MT|x64.ActiveCfg = Release MT|x64
		{C59E5569-E3F3-4DA5-8313-12D90229B8C0}.IntelRelAvx2MT|x64.Build.0 = Release MT|x64
		{C59E5569-E3F3-4DA5-8313-12D90229B8C0}.IntelRelAvx2MT|x86.ActiveCfg = Release MT|x64
		{C59E5569-E3F3-4DA5-8313-12D90229B8C0}.IntelRelAvx2MT|x86.Build.0 = Release MT|x64
		{C59E5569-E3F3-4DA5-8313-12D90229B8C0}.Release MD|x64.ActiveCfg = Release MD|x64
		{C59E5569-E3F3-4DA5-8313-12D90229B8C0}.Release MD|x64.Build.0 = Release MD|x64
		{C59E5569-E3F3-4DA5-8313-12D90229B8C0}.Release MD|x86.ActiveCfg = Release MD|x64
		{C59E5569-E3F3-4DA5-8313-12D90229B8C0}.Release MD|x86.Build.0 = Release MD|x64
		{C59E5569-E3F3-4DA5-8313-12D90229B8C0}.Release MT Debug|x64.ActiveCfg = Release MT Debug|x64
		{C59E5569-E3F3-4DA5-8313-12D90229B8C0}.Release MT Debug|x64.Build.0 = Release MT Debug|x64
		{C59E5569-E3F3-4DA5-8313-12D90229B8C0}.Release MT Debug|x86.ActiveCfg = Release MT Debug|x64
		{C59E5569-E3F3-4DA5-8313-12D90229B8C0}.Release MT Debug|x86.Build.0 = Release MT Debug|x64
		{C59E5569-E3F3-4DA5-8313-12D90229B8C0}.Release MT FM|x64.ActiveCfg = Release MT Post 629|x64
		{C59E5569-E3F3-4DA5-8313-12D90229B8C0}.Release MT FM|x64.Build.0 = Release MT Post 629|x64
		{C59E5569-E3F3-4DA5-8313-12D90229B8C0}.Release MT FM|x86.ActiveCfg = Release MT Post 629|x64
		{C59E5569-E3F3-4DA5-8313-12D90229B8C0}.Release MT FM|x86.Build.0 = Release MT Post 629|x64
		{C59E5569-E3F3-4DA5-8313-12D90229B8C0}.Release MT Perf|x64.ActiveCfg = Release MT Perf|x64
		{C59E5569-E3F3-4DA5-8313-12D90229B8C0}.Release MT Perf|x64.Build.0 = Release MT Perf|x64
		{C59E5569-E3F3-4DA5-8313-12D90229B8C0}.Release MT Perf|x86.ActiveCfg = Release MT Perf|x64
		{C59E5569-E3F3-4DA5-8313-12D90229B8C0}.Release MT Perf|x86.Build.0 = Release MT Perf|x64
		{C59E5569-E3F3-4DA5-8313-12D90229B8C0}.Release MT Post 629|x64.ActiveCfg = Release MT Post 629|x64
		{C59E5569-E3F3-4DA5-8313-12D90229B8C0}.Release MT Post 629|x64.Build.0 = Release MT Post 629|x64
		{C59E5569-E3F3-4DA5-8313-12D90229B8C0}.Release MT Post 629|x86.ActiveCfg = Release MT Post 629|x64
		{C59E5569-E3F3-4DA5-8313-12D90229B8C0}.Release MT Post 629|x86.Build.0 = Release MT Post 629|x64
		{C59E5569-E3F3-4DA5-8313-12D90229B8C0}.Release MT|x64.ActiveCfg = Release MT|x64
		{C59E5569-E3F3-4DA5-8313-12D90229B8C0}.Release MT|x64.Build.0 = Release MT|x64
		{C59E5569-E3F3-4DA5-8313-12D90229B8C0}.Release MT|x86.ActiveCfg = Release MT|x64
		{C59E5569-E3F3-4DA5-8313-12D90229B8C0}.Release MT|x86.Build.0 = Release MT|x64
		{C59E5569-E3F3-4DA5-8313-12D90229B8C0}.Release|x64.ActiveCfg = Release MT|x64
		{C59E5569-E3F3-4DA5-8313-12D90229B8C0}.Release|x64.Build.0 = Release MT|x64
		{C59E5569-E3F3-4DA5-8313-12D90229B8C0}.Release|x86.ActiveCfg = Release MT|x64
		{C59E5569-E3F3-4DA5-8313-12D90229B8C0}.Release|x86.Build.0 = Release MT|x64
		{C59E5569-E3F3-4DA5-8313-12D90229B8C0}.ReleaseAVX2 MD|x64.ActiveCfg = Release MT Post 629|x64
		{C59E5569-E3F3-4DA5-8313-12D90229B8C0}.ReleaseAVX2 MD|x64.Build.0 = Release MT Post 629|x64
		{C59E5569-E3F3-4DA5-8313-12D90229B8C0}.ReleaseAVX2 MD|x86.ActiveCfg = Release MT Post 629|x64
		{C59E5569-E3F3-4DA5-8313-12D90229B8C0}.ReleaseAVX2 MD|x86.Build.0 = Release MT Post 629|x64
		{C59E5569-E3F3-4DA5-8313-12D90229B8C0}.ReleaseAVX2 MT|x64.ActiveCfg = Release MT Post 629|x64
		{C59E5569-E3F3-4DA5-8313-12D90229B8C0}.ReleaseAVX2 MT|x64.Build.0 = Release MT Post 629|x64
		{C59E5569-E3F3-4DA5-8313-12D90229B8C0}.ReleaseAVX2 MT|x86.ActiveCfg = Release MT Post 629|x64
		{C59E5569-E3F3-4DA5-8313-12D90229B8C0}.ReleaseAVX2 MT|x86.Build.0 = Release MT Post 629|x64
		{9F316E83-5AE5-4939-A723-305A94F48005}.Debug|x64.ActiveCfg = Debug|x64
		{9F316E83-5AE5-4939-A723-305A94F48005}.Debug|x64.Build.0 = Debug|x64
		{9F316E83-5AE5-4939-A723-305A94F48005}.Debug|x86.ActiveCfg = Debug|x64
		{9F316E83-5AE5-4939-A723-305A94F48005}.Debug|x86.Build.0 = Debug|x64
		{9F316E83-5AE5-4939-A723-305A94F48005}.Dep-AVX|x64.ActiveCfg = Debug|x64
		{9F316E83-5AE5-4939-A723-305A94F48005}.Dep-AVX|x64.Build.0 = Debug|x64
		{9F316E83-5AE5-4939-A723-305A94F48005}.Dep-AVX|x86.ActiveCfg = Debug|x64
		{9F316E83-5AE5-4939-A723-305A94F48005}.Dep-AVX|x86.Build.0 = Debug|x64
		{9F316E83-5AE5-4939-A723-305A94F48005}.Dep-AVX2|x64.ActiveCfg = Debug|x64
		{9F316E83-5AE5-4939-A723-305A94F48005}.Dep-AVX2|x64.Build.0 = Debug|x64
		{9F316E83-5AE5-4939-A723-305A94F48005}.Dep-AVX2|x86.ActiveCfg = Debug|x64
		{9F316E83-5AE5-4939-A723-305A94F48005}.Dep-AVX2|x86.Build.0 = Debug|x64
		{9F316E83-5AE5-4939-A723-305A94F48005}.Dep-SSE2|x64.ActiveCfg = Debug|x64
		{9F316E83-5AE5-4939-A723-305A94F48005}.Dep-SSE2|x64.Build.0 = Debug|x64
		{9F316E83-5AE5-4939-A723-305A94F48005}.Dep-SSE2|x86.ActiveCfg = Debug|x64
		{9F316E83-5AE5-4939-A723-305A94F48005}.Dep-SSE2|x86.Build.0 = Debug|x64
		{9F316E83-5AE5-4939-A723-305A94F48005}.IntelRelAvx2MT|x64.ActiveCfg = Release MT|x64
		{9F316E83-5AE5-4939-A723-305A94F48005}.IntelRelAvx2MT|x64.Build.0 = Release MT|x64
		{9F316E83-5AE5-4939-A723-305A94F48005}.IntelRelAvx2MT|x86.ActiveCfg = Release MT|x64
		{9F316E83-5AE5-4939-A723-305A94F48005}.IntelRelAvx2MT|x86.Build.0 = Release MT|x64
		{9F316E83-5AE5-4939-A723-305A94F48005}.Release MD|x64.ActiveCfg = Release MD|x64
		{9F316E83-5AE5-4939-A723-305A94F48005}.Release MD|x64.Build.0 = Release MD|x64
		{9F316E83-5AE5-4939-A723-305A94F48005}.Release MD|x86.ActiveCfg = Release MD|x64
		{9F316E83-5AE5-4939-A723-305A94F48005}.Release MD|x86.Build.0 = Release MD|x64
		{9F316E83-5AE5-4939-A723-305A94F48005}.Release MT Debug|x64.ActiveCfg = Release MT Debug|x64
		{9F316E83-5AE5-4939-A723-305A94F48005}.Release MT Debug|x64.Build.0 = Release MT Debug|x64
		{9F316E83-5AE5-4939-A723-305A94F48005}.Release MT Debug|x86.ActiveCfg = Release MT Debug|x64
		{9F316E83-5AE5-4939-A723-305A94F48005}.Release MT Debug|x86.Build.0 = Release MT Debug|x64
		{9F316E83-5AE5-4939-A723-305A94F48005}.Release MT FM|x64.ActiveCfg = Release MT Perf|x64
		{9F316E83-5AE5-4939-A723-305A94F48005}.Release MT FM|x64.Build.0 = Release MT Perf|x64
		{9F316E83-5AE5-4939-A723-305A94F48005}.Release MT FM|x86.ActiveCfg = Release MT Perf|x64
		{9F316E83-5AE5-4939-A723-305A94F48005}.Release MT FM|x86.Build.0 = Release MT Perf|x64
		{9F316E83-5AE5-4939-A723-305A94F48005}.Release MT Perf|x64.ActiveCfg = Release MT Perf|x64
		{9F316E83-5AE5-4939-A723-305A94F48005}.Release MT Perf|x64.Build.0 = Release MT Perf|x64
		{9F316E83-5AE5-4939-A723-305A94F48005}.Release MT Perf|x86.ActiveCfg = Release MT Perf|x64
		{9F316E83-5AE5-4939-A723-305A94F48005}.Release MT Perf|x86.Build.0 = Release MT Perf|x64
		{9F316E83-5AE5-4939-A723-305A94F48005}.Release MT Post 629|x64.ActiveCfg = Release MT|x64
		{9F316E83-5AE5-4939-A723-305A94F48005}.Release MT Post 629|x64.Build.0 = Release MT|x64
		{9F316E83-5AE5-4939-A723-305A94F48005}.Release MT Post 629|x86.ActiveCfg = Release MT Debug|x64
		{9F316E83-5AE5-4939-A723-305A94F48005}.Release MT Post 629|x86.Build.0 = Release MT Debug|x64
		{9F316E83-5AE5-4939-A723-305A94F48005}.Release MT|x64.ActiveCfg = Release MT|x64
		{9F316E83-5AE5-4939-A723-305A94F48005}.Release MT|x64.Build.0 = Release MT|x64
		{9F316E83-5AE5-4939-A723-305A94F48005}.Release MT|x86.ActiveCfg = Release MT|x64
		{9F316E83-5AE5-4939-A723-305A94F48005}.Release MT|x86.Build.0 = Release MT|x64
		{9F316E83-5AE5-4939-A723-305A94F48005}.Release|x64.ActiveCfg = Release MT|x64
		{9F316E83-5AE5-4939-A723-305A94F48005}.Release|x64.Build.0 = Release MT|x64
		{9F316E83-5AE5-4939-A723-305A94F48005}.Release|x86.ActiveCfg = Release MT|x64
		{9F316E83-5AE5-4939-A723-305A94F48005}.Release|x86.Build.0 = Release MT|x64
		{9F316E83-5AE5-4939-A723-305A94F48005}.ReleaseAVX2 MD|x64.ActiveCfg = Release MT Perf|x64
		{9F316E83-5AE5-4939-A723-305A94F48005}.ReleaseAVX2 MD|x64.Build.0 = Release MT Perf|x64
		{9F316E83-5AE5-4939-A723-305A94F48005}.ReleaseAVX2 MD|x86.ActiveCfg = Release MT Perf|x64
		{9F316E83-5AE5-4939-A723-305A94F48005}.ReleaseAVX2 MD|x86.Build.0 = Release MT Perf|x64
		{9F316E83-5AE5-4939-A723-305A94F48005}.ReleaseAVX2 MT|x64.ActiveCfg = Release MT Perf|x64
		{9F316E83-5AE5-4939-A723-305A94F48005}.ReleaseAVX2 MT|x64.Build.0 = Release MT Perf|x64
		{9F316E83-5AE5-4939-A723-305A94F48005}.ReleaseAVX2 MT|x86.ActiveCfg = Release MT Perf|x64
		{9F316E83-5AE5-4939-A723-305A94F48005}.ReleaseAVX2 MT|x86.Build.0 = Release MT Perf|x64
		{9F07095D-EF2F-3457-A7F9-A6525205AF80}.Debug|x64.ActiveCfg = Debug|x64
		{9F07095D-EF2F-3457-A7F9-A6525205AF80}.Debug|x64.Build.0 = Debug|x64
		{9F07095D-EF2F-3457-A7F9-A6525205AF80}.Debug|x86.ActiveCfg = Debug|x64
		{9F07095D-EF2F-3457-A7F9-A6525205AF80}.Debug|x86.Build.0 = Debug|x64
		{9F07095D-EF2F-3457-A7F9-A6525205AF80}.Dep-AVX|x64.ActiveCfg = Debug|x64
		{9F07095D-EF2F-3457-A7F9-A6525205AF80}.Dep-AVX|x64.Build.0 = Debug|x64
		{9F07095D-EF2F-3457-A7F9-A6525205AF80}.Dep-AVX|x86.ActiveCfg = Debug|x64
		{9F07095D-EF2F-3457-A7F9-A6525205AF80}.Dep-AVX|x86.Build.0 = Debug|x64
		{9F07095D-EF2F-3457-A7F9-A6525205AF80}.Dep-AVX2|x64.ActiveCfg = Debug|x64
		{9F07095D-EF2F-3457-A7F9-A6525205AF80}.Dep-AVX2|x64.Build.0 = Debug|x64
		{9F07095D-EF2F-3457-A7F9-A6525205AF80}.Dep-AVX2|x86.ActiveCfg = Debug|x64
		{9F07095D-EF2F-3457-A7F9-A6525205AF80}.Dep-AVX2|x86.Build.0 = Debug|x64
		{9F07095D-EF2F-3457-A7F9-A6525205AF80}.Dep-SSE2|x64.ActiveCfg = Debug|x64
		{9F07095D-EF2F-3457-A7F9-A6525205AF80}.Dep-SSE2|x64.Build.0 = Debug|x64
		{9F07095D-EF2F-3457-A7F9-A6525205AF80}.Dep-SSE2|x86.ActiveCfg = Debug|x64
		{9F07095D-EF2F-3457-A7F9-A6525205AF80}.Dep-SSE2|x86.Build.0 = Debug|x64
		{9F07095D-EF2F-3457-A7F9-A6525205AF80}.IntelRelAvx2MT|x64.ActiveCfg = Release|x64
		{9F07095D-EF2F-3457-A7F9-A6525205AF80}.IntelRelAvx2MT|x64.Build.0 = Release|x64
		{9F07095D-EF2F-3457-A7F9-A6525205AF80}.IntelRelAvx2MT|x86.ActiveCfg = Release|x64
		{9F07095D-EF2F-3457-A7F9-A6525205AF80}.IntelRelAvx2MT|x86.Build.0 = Release|x64
		{9F07095D-EF2F-3457-A7F9-A6525205AF80}.Release MD|x64.ActiveCfg = Release MD|x64
		{9F07095D-EF2F-3457-A7F9-A6525205AF80}.Release MD|x86.ActiveCfg = Release MD|x64
		{9F07095D-EF2F-3457-A7F9-A6525205AF80}.Release MD|x86.Build.0 = Release MD|x64
		{9F07095D-EF2F-3457-A7F9-A6525205AF80}.Release MT Debug|x64.ActiveCfg = Release MT Debug|x64
		{9F07095D-EF2F-3457-A7F9-A6525205AF80}.Release MT Debug|x64.Build.0 = Release MT Debug|x64
		{9F07095D-EF2F-3457-A7F9-A6525205AF80}.Release MT Debug|x86.ActiveCfg = Release MT Debug|x64
		{9F07095D-EF2F-3457-A7F9-A6525205AF80}.Release MT Debug|x86.Build.0 = Release MT Debug|x64
		{9F07095D-EF2F-3457-A7F9-A6525205AF80}.Release MT FM|x64.ActiveCfg = RelWithDebInfo|x64
		{9F07095D-EF2F-3457-A7F9-A6525205AF80}.Release MT FM|x64.Build.0 = RelWithDebInfo|x64
		{9F07095D-EF2F-3457-A7F9-A6525205AF80}.Release MT FM|x86.ActiveCfg = RelWithDebInfo|x64
		{9F07095D-EF2F-3457-A7F9-A6525205AF80}.Release MT FM|x86.Build.0 = RelWithDebInfo|x64
		{9F07095D-EF2F-3457-A7F9-A6525205AF80}.Release MT Perf|x64.ActiveCfg = Release MT Perf|x64
		{9F07095D-EF2F-3457-A7F9-A6525205AF80}.Release MT Perf|x64.Build.0 = Release MT Perf|x64
		{9F07095D-EF2F-3457-A7F9-A6525205AF80}.Release MT Perf|x86.ActiveCfg = Release MT Perf|x64
		{9F07095D-EF2F-3457-A7F9-A6525205AF80}.Release MT Perf|x86.Build.0 = Release MT Perf|x64
		{9F07095D-EF2F-3457-A7F9-A6525205AF80}.Release MT Post 629|x64.ActiveCfg = Release MT|x64
		{9F07095D-EF2F-3457-A7F9-A6525205AF80}.Release MT Post 629|x64.Build.0 = Release MT|x64
		{9F07095D-EF2F-3457-A7F9-A6525205AF80}.Release MT Post 629|x86.ActiveCfg = Release MT Debug|x64
		{9F07095D-EF2F-3457-A7F9-A6525205AF80}.Release MT Post 629|x86.Build.0 = Release MT Debug|x64
		{9F07095D-EF2F-3457-A7F9-A6525205AF80}.Release MT|x64.ActiveCfg = Release MT|x64
		{9F07095D-EF2F-3457-A7F9-A6525205AF80}.Release MT|x64.Build.0 = Release MT|x64
		{9F07095D-EF2F-3457-A7F9-A6525205AF80}.Release MT|x86.ActiveCfg = Release MT|x64
		{9F07095D-EF2F-3457-A7F9-A6525205AF80}.Release MT|x86.Build.0 = Release MT|x64
		{9F07095D-EF2F-3457-A7F9-A6525205AF80}.Release|x64.ActiveCfg = Release|x64
		{9F07095D-EF2F-3457-A7F9-A6525205AF80}.Release|x64.Build.0 = Release|x64
		{9F07095D-EF2F-3457-A7F9-A6525205AF80}.Release|x86.ActiveCfg = Release|x64
		{9F07095D-EF2F-3457-A7F9-A6525205AF80}.Release|x86.Build.0 = Release|x64
		{9F07095D-EF2F-3457-A7F9-A6525205AF80}.ReleaseAVX2 MD|x64.ActiveCfg = RelWithDebInfo|x64
		{9F07095D-EF2F-3457-A7F9-A6525205AF80}.ReleaseAVX2 MD|x64.Build.0 = RelWithDebInfo|x64
		{9F07095D-EF2F-3457-A7F9-A6525205AF80}.ReleaseAVX2 MD|x86.ActiveCfg = RelWithDebInfo|x64
		{9F07095D-EF2F-3457-A7F9-A6525205AF80}.ReleaseAVX2 MD|x86.Build.0 = RelWithDebInfo|x64
		{9F07095D-EF2F-3457-A7F9-A6525205AF80}.ReleaseAVX2 MT|x64.ActiveCfg = RelWithDebInfo|x64
		{9F07095D-EF2F-3457-A7F9-A6525205AF80}.ReleaseAVX2 MT|x64.Build.0 = RelWithDebInfo|x64
		{9F07095D-EF2F-3457-A7F9-A6525205AF80}.ReleaseAVX2 MT|x86.ActiveCfg = RelWithDebInfo|x64
		{9F07095D-EF2F-3457-A7F9-A6525205AF80}.ReleaseAVX2 MT|x86.Build.0 = RelWithDebInfo|x64
	EndGlobalSection
	GlobalSection(SolutionProperties) = preSolution
		HideSolutionNode = FALSE
	EndGlobalSection
	GlobalSection(ExtensibilityGlobals) = postSolution
		SolutionGuid = {6D544065-D034-497F-A4AF-EEADA16AD7B5}
	EndGlobalSection
EndGlobal
